
Microsoft Visual Studio Solution File, Format Version 12.00
# Visual Studio Version 17
VisualStudioVersion = 17.3.32819.101
MinimumVisualStudioVersion = 10.0.40219.1
Project("{FAE04EC0-301F-11D3-BF4B-00C04F79EFBC}") = "RabbitMQChat", "RabbitMQChat\RabbitMQChat.csproj", "{26053AA8-A8C6-4EE6-B510-EBA6EC5D6758}"
EndProject
Global
	GlobalSection(SolutionConfigurationPlatforms) = preSolution
		Debug|Any CPU = Debug|Any CPU
		Release|Any CPU = Release|Any CPU
	EndGlobalSection
	GlobalSection(ProjectConfigurationPlatforms) = postSolution
		{26053AA8-A8C6-4EE6-B510-EBA6EC5D6758}.Debug|Any CPU.ActiveCfg = Debug|Any CPU
		{26053AA8-A8C6-4EE6-B510-EBA6EC5D6758}.Debug|Any CPU.Build.0 = Debug|Any CPU
		{26053AA8-A8C6-4EE6-B510-EBA6EC5D6758}.Release|Any CPU.ActiveCfg = Release|Any CPU
		{26053AA8-A8C6-4EE6-B510-EBA6EC5D6758}.Release|Any CPU.Build.0 = Release|Any CPU
	EndGlobalSection
	GlobalSection(SolutionProperties) = preSolution
		HideSolutionNode = FALSE
	EndGlobalSection
	GlobalSection(ExtensibilityGlobals) = postSolution
		SolutionGuid = {29401F1A-E1EC-42FF-981E-FD15E41A6793}
	EndGlobalSection
EndGlobal
